
Microsoft Visual Studio Solution File, Format Version 12.00
# Visual Studio Version 17
VisualStudioVersion = 17.2.32630.192
MinimumVisualStudioVersion = 10.0.40219.1
Project("{FAE04EC0-301F-11D3-BF4B-00C04F79EFBC}") = "SocketICA", "SocketICA\SocketICA.csproj", "{8F14BFED-EA2E-422E-BCB0-D8B248A1FAF9}"
EndProject
Project("{FAE04EC0-301F-11D3-BF4B-00C04F79EFBC}") = "Client", "Client\Client.csproj", "{9CF8A523-60BB-4E8E-8784-C3D442F5BFE8}"
EndProject
Project("{FAE04EC0-301F-11D3-BF4B-00C04F79EFBC}") = "Server", "Server\Server.csproj", "{19AFA53F-83D6-44E8-8400-CC13DD715D57}"
EndProject
Global
	GlobalSection(SolutionConfigurationPlatforms) = preSolution
		Debug|Any CPU = Debug|Any CPU
		Release|Any CPU = Release|Any CPU
	EndGlobalSection
	GlobalSection(ProjectConfigurationPlatforms) = postSolution
		{8F14BFED-EA2E-422E-BCB0-D8B248A1FAF9}.Debug|Any CPU.ActiveCfg = Debug|Any CPU
		{8F14BFED-EA2E-422E-BCB0-D8B248A1FAF9}.Debug|Any CPU.Build.0 = Debug|Any CPU
		{8F14BFED-EA2E-422E-BCB0-D8B248A1FAF9}.Release|Any CPU.ActiveCfg = Release|Any CPU
		{8F14BFED-EA2E-422E-BCB0-D8B248A1FAF9}.Release|Any CPU.Build.0 = Release|Any CPU
		{9CF8A523-60BB-4E8E-8784-C3D442F5BFE8}.Debug|Any CPU.ActiveCfg = Debug|Any CPU
		{9CF8A523-60BB-4E8E-8784-C3D442F5BFE8}.Debug|Any CPU.Build.0 = Debug|Any CPU
		{9CF8A523-60BB-4E8E-8784-C3D442F5BFE8}.Release|Any CPU.ActiveCfg = Release|Any CPU
		{9CF8A523-60BB-4E8E-8784-C3D442F5BFE8}.Release|Any CPU.Build.0 = Release|Any CPU
		{19AFA53F-83D6-44E8-8400-CC13DD715D57}.Debug|Any CPU.ActiveCfg = Debug|Any CPU
		{19AFA53F-83D6-44E8-8400-CC13DD715D57}.Debug|Any CPU.Build.0 = Debug|Any CPU
		{19AFA53F-83D6-44E8-8400-CC13DD715D57}.Release|Any CPU.ActiveCfg = Release|Any CPU
		{19AFA53F-83D6-44E8-8400-CC13DD715D57}.Release|Any CPU.Build.0 = Release|Any CPU
	EndGlobalSection
	GlobalSection(SolutionProperties) = preSolution
		HideSolutionNode = FALSE
	EndGlobalSection
	GlobalSection(ExtensibilityGlobals) = postSolution
		SolutionGuid = {0F2DDC43-236F-4616-BAAA-8F3E2705D16C}
	EndGlobalSection
EndGlobal
