
Microsoft Visual Studio Solution File, Format Version 12.00
# Visual Studio Version 16
VisualStudioVersion = 16.0.31515.178
MinimumVisualStudioVersion = 10.0.40219.1
Project("{FAE04EC0-301F-11D3-BF4B-00C04F79EFBC}") = "CMPE1666-LE3-Q1", "CMPE1666-LE3-Q1\CMPE1666-LE3-Q1.csproj", "{5D3D31E3-0927-4BB1-AA8B-5BA123C589EB}"
EndProject
Global
	GlobalSection(SolutionConfigurationPlatforms) = preSolution
		Debug|Any CPU = Debug|Any CPU
		Release|Any CPU = Release|Any CPU
	EndGlobalSection
	GlobalSection(ProjectConfigurationPlatforms) = postSolution
		{5D3D31E3-0927-4BB1-AA8B-5BA123C589EB}.Debug|Any CPU.ActiveCfg = Debug|Any CPU
		{5D3D31E3-0927-4BB1-AA8B-5BA123C589EB}.Debug|Any CPU.Build.0 = Debug|Any CPU
		{5D3D31E3-0927-4BB1-AA8B-5BA123C589EB}.Release|Any CPU.ActiveCfg = Release|Any CPU
		{5D3D31E3-0927-4BB1-AA8B-5BA123C589EB}.Release|Any CPU.Build.0 = Release|Any CPU
	EndGlobalSection
	GlobalSection(SolutionProperties) = preSolution
		HideSolutionNode = FALSE
	EndGlobalSection
	GlobalSection(ExtensibilityGlobals) = postSolution
		SolutionGuid = {3B83534B-ADD2-4CFB-A8FB-38E33C4C4087}
	EndGlobalSection
	GlobalSection(SubversionScc) = preSolution
		Svn-Managed = True
		Manager = AnkhSVN2019 - Subversion Support for Visual Studio
	EndGlobalSection
EndGlobal
