
Microsoft Visual Studio Solution File, Format Version 12.00
# Visual Studio Version 16
VisualStudioVersion = 16.0.31515.178
MinimumVisualStudioVersion = 10.0.40219.1
Project("{FAE04EC0-301F-11D3-BF4B-00C04F79EFBC}") = "ICA17", "ICA17\ICA17.csproj", "{701498E5-4754-4060-B12A-F3B5487E26DB}"
EndProject
Global
	GlobalSection(SolutionConfigurationPlatforms) = preSolution
		Debug|Any CPU = Debug|Any CPU
		Release|Any CPU = Release|Any CPU
	EndGlobalSection
	GlobalSection(ProjectConfigurationPlatforms) = postSolution
		{701498E5-4754-4060-B12A-F3B5487E26DB}.Debug|Any CPU.ActiveCfg = Debug|Any CPU
		{701498E5-4754-4060-B12A-F3B5487E26DB}.Debug|Any CPU.Build.0 = Debug|Any CPU
		{701498E5-4754-4060-B12A-F3B5487E26DB}.Release|Any CPU.ActiveCfg = Release|Any CPU
		{701498E5-4754-4060-B12A-F3B5487E26DB}.Release|Any CPU.Build.0 = Release|Any CPU
	EndGlobalSection
	GlobalSection(SolutionProperties) = preSolution
		HideSolutionNode = FALSE
	EndGlobalSection
	GlobalSection(ExtensibilityGlobals) = postSolution
		SolutionGuid = {B779BD04-76C3-41DC-A548-939756002AAC}
	EndGlobalSection
	GlobalSection(SubversionScc) = preSolution
		Svn-Managed = True
		Manager = AnkhSVN2019 - Subversion Support for Visual Studio
	EndGlobalSection
EndGlobal
