
Microsoft Visual Studio Solution File, Format Version 12.00
# Visual Studio Version 16
VisualStudioVersion = 16.0.31702.278
MinimumVisualStudioVersion = 10.0.40219.1
Project("{FAE04EC0-301F-11D3-BF4B-00C04F79EFBC}") = "ICA14", "ICA14\ICA14.csproj", "{F4A65D4A-7F72-438F-A3C9-0AD91090545D}"
EndProject
Global
	GlobalSection(SolutionConfigurationPlatforms) = preSolution
		Debug|Any CPU = Debug|Any CPU
		Release|Any CPU = Release|Any CPU
	EndGlobalSection
	GlobalSection(ProjectConfigurationPlatforms) = postSolution
		{F4A65D4A-7F72-438F-A3C9-0AD91090545D}.Debug|Any CPU.ActiveCfg = Debug|Any CPU
		{F4A65D4A-7F72-438F-A3C9-0AD91090545D}.Debug|Any CPU.Build.0 = Debug|Any CPU
		{F4A65D4A-7F72-438F-A3C9-0AD91090545D}.Release|Any CPU.ActiveCfg = Release|Any CPU
		{F4A65D4A-7F72-438F-A3C9-0AD91090545D}.Release|Any CPU.Build.0 = Release|Any CPU
	EndGlobalSection
	GlobalSection(SolutionProperties) = preSolution
		HideSolutionNode = FALSE
	EndGlobalSection
	GlobalSection(ExtensibilityGlobals) = postSolution
		SolutionGuid = {EC1BF3F0-B07C-4D5B-953A-BEC9B994EBB2}
	EndGlobalSection
	GlobalSection(SubversionScc) = preSolution
		Svn-Managed = True
		Manager = AnkhSVN2019 - Subversion Support for Visual Studio
	EndGlobalSection
EndGlobal
