
Microsoft Visual Studio Solution File, Format Version 12.00
# Visual Studio Version 16
VisualStudioVersion = 16.0.31515.178
MinimumVisualStudioVersion = 10.0.40219.1
Project("{FAE04EC0-301F-11D3-BF4B-00C04F79EFBC}") = "EXAM4_Q1", "EXAM4_Q1\EXAM4_Q1.csproj", "{FC4F133E-712E-4B07-ADD9-4BBFE51FCFD2}"
EndProject
Global
	GlobalSection(SolutionConfigurationPlatforms) = preSolution
		Debug|Any CPU = Debug|Any CPU
		Release|Any CPU = Release|Any CPU
	EndGlobalSection
	GlobalSection(ProjectConfigurationPlatforms) = postSolution
		{FC4F133E-712E-4B07-ADD9-4BBFE51FCFD2}.Debug|Any CPU.ActiveCfg = Debug|Any CPU
		{FC4F133E-712E-4B07-ADD9-4BBFE51FCFD2}.Debug|Any CPU.Build.0 = Debug|Any CPU
		{FC4F133E-712E-4B07-ADD9-4BBFE51FCFD2}.Release|Any CPU.ActiveCfg = Release|Any CPU
		{FC4F133E-712E-4B07-ADD9-4BBFE51FCFD2}.Release|Any CPU.Build.0 = Release|Any CPU
	EndGlobalSection
	GlobalSection(SolutionProperties) = preSolution
		HideSolutionNode = FALSE
	EndGlobalSection
	GlobalSection(ExtensibilityGlobals) = postSolution
		SolutionGuid = {56BFC247-A429-49AC-AB4E-A48C76D52AC7}
	EndGlobalSection
	GlobalSection(SubversionScc) = preSolution
		Svn-Managed = True
		Manager = AnkhSVN2019 - Subversion Support for Visual Studio
	EndGlobalSection
EndGlobal
