
Microsoft Visual Studio Solution File, Format Version 12.00
# Visual Studio Version 16
VisualStudioVersion = 16.0.31702.278
MinimumVisualStudioVersion = 10.0.40219.1
Project("{FAE04EC0-301F-11D3-BF4B-00C04F79EFBC}") = "ICA01", "ICA01\ICA01.csproj", "{5828E738-0D68-488E-B191-B9B93CD4D01F}"
EndProject
Global
	GlobalSection(SolutionConfigurationPlatforms) = preSolution
		Debug|Any CPU = Debug|Any CPU
		Release|Any CPU = Release|Any CPU
	EndGlobalSection
	GlobalSection(ProjectConfigurationPlatforms) = postSolution
		{5828E738-0D68-488E-B191-B9B93CD4D01F}.Debug|Any CPU.ActiveCfg = Debug|Any CPU
		{5828E738-0D68-488E-B191-B9B93CD4D01F}.Debug|Any CPU.Build.0 = Debug|Any CPU
		{5828E738-0D68-488E-B191-B9B93CD4D01F}.Release|Any CPU.ActiveCfg = Release|Any CPU
		{5828E738-0D68-488E-B191-B9B93CD4D01F}.Release|Any CPU.Build.0 = Release|Any CPU
	EndGlobalSection
	GlobalSection(SolutionProperties) = preSolution
		HideSolutionNode = FALSE
	EndGlobalSection
	GlobalSection(ExtensibilityGlobals) = postSolution
		SolutionGuid = {542DBCBE-9912-4AC4-B95A-D34780A2F100}
	EndGlobalSection
	GlobalSection(SubversionScc) = preSolution
		Svn-Managed = True
		Manager = AnkhSVN2019 - Subversion Support for Visual Studio
	EndGlobalSection
EndGlobal
