
Microsoft Visual Studio Solution File, Format Version 12.00
# Visual Studio Version 16
VisualStudioVersion = 16.0.31702.278
MinimumVisualStudioVersion = 10.0.40219.1
Project("{FAE04EC0-301F-11D3-BF4B-00C04F79EFBC}") = "ICA08", "ICA08\ICA08.csproj", "{70226601-9B33-4182-A29E-A5D7D15EC840}"
EndProject
Global
	GlobalSection(SolutionConfigurationPlatforms) = preSolution
		Debug|Any CPU = Debug|Any CPU
		Release|Any CPU = Release|Any CPU
	EndGlobalSection
	GlobalSection(ProjectConfigurationPlatforms) = postSolution
		{70226601-9B33-4182-A29E-A5D7D15EC840}.Debug|Any CPU.ActiveCfg = Debug|Any CPU
		{70226601-9B33-4182-A29E-A5D7D15EC840}.Debug|Any CPU.Build.0 = Debug|Any CPU
		{70226601-9B33-4182-A29E-A5D7D15EC840}.Release|Any CPU.ActiveCfg = Release|Any CPU
		{70226601-9B33-4182-A29E-A5D7D15EC840}.Release|Any CPU.Build.0 = Release|Any CPU
	EndGlobalSection
	GlobalSection(SolutionProperties) = preSolution
		HideSolutionNode = FALSE
	EndGlobalSection
	GlobalSection(ExtensibilityGlobals) = postSolution
		SolutionGuid = {0FA249EA-61F9-46D9-9D62-2CB2D31D28DD}
	EndGlobalSection
	GlobalSection(SubversionScc) = preSolution
		Svn-Managed = True
		Manager = AnkhSVN2019 - Subversion Support for Visual Studio
	EndGlobalSection
EndGlobal
