
Microsoft Visual Studio Solution File, Format Version 12.00
# Visual Studio Version 16
VisualStudioVersion = 16.0.31702.278
MinimumVisualStudioVersion = 10.0.40219.1
Project("{FAE04EC0-301F-11D3-BF4B-00C04F79EFBC}") = "ICA13", "ICA13\ICA13.csproj", "{FCE33630-2EFE-4030-9EEA-D7979301E3AF}"
EndProject
Global
	GlobalSection(SolutionConfigurationPlatforms) = preSolution
		Debug|Any CPU = Debug|Any CPU
		Release|Any CPU = Release|Any CPU
	EndGlobalSection
	GlobalSection(ProjectConfigurationPlatforms) = postSolution
		{FCE33630-2EFE-4030-9EEA-D7979301E3AF}.Debug|Any CPU.ActiveCfg = Debug|Any CPU
		{FCE33630-2EFE-4030-9EEA-D7979301E3AF}.Debug|Any CPU.Build.0 = Debug|Any CPU
		{FCE33630-2EFE-4030-9EEA-D7979301E3AF}.Release|Any CPU.ActiveCfg = Release|Any CPU
		{FCE33630-2EFE-4030-9EEA-D7979301E3AF}.Release|Any CPU.Build.0 = Release|Any CPU
	EndGlobalSection
	GlobalSection(SolutionProperties) = preSolution
		HideSolutionNode = FALSE
	EndGlobalSection
	GlobalSection(ExtensibilityGlobals) = postSolution
		SolutionGuid = {03DBD1DA-B68B-47F3-995F-56DC2E14B4FE}
	EndGlobalSection
	GlobalSection(SubversionScc) = preSolution
		Svn-Managed = True
		Manager = AnkhSVN2019 - Subversion Support for Visual Studio
	EndGlobalSection
EndGlobal
