
Microsoft Visual Studio Solution File, Format Version 12.00
# Visual Studio Version 16
VisualStudioVersion = 16.0.31702.278
MinimumVisualStudioVersion = 10.0.40219.1
Project("{FAE04EC0-301F-11D3-BF4B-00C04F79EFBC}") = "Lab04", "Lab04\Lab04.csproj", "{10D749FE-F4A9-48A8-A04F-020C705A95B3}"
EndProject
Global
	GlobalSection(SolutionConfigurationPlatforms) = preSolution
		Debug|Any CPU = Debug|Any CPU
		Release|Any CPU = Release|Any CPU
	EndGlobalSection
	GlobalSection(ProjectConfigurationPlatforms) = postSolution
		{10D749FE-F4A9-48A8-A04F-020C705A95B3}.Debug|Any CPU.ActiveCfg = Debug|Any CPU
		{10D749FE-F4A9-48A8-A04F-020C705A95B3}.Debug|Any CPU.Build.0 = Debug|Any CPU
		{10D749FE-F4A9-48A8-A04F-020C705A95B3}.Release|Any CPU.ActiveCfg = Release|Any CPU
		{10D749FE-F4A9-48A8-A04F-020C705A95B3}.Release|Any CPU.Build.0 = Release|Any CPU
	EndGlobalSection
	GlobalSection(SolutionProperties) = preSolution
		HideSolutionNode = FALSE
	EndGlobalSection
	GlobalSection(ExtensibilityGlobals) = postSolution
		SolutionGuid = {2098264D-E144-4B51-BFC6-433047708D6F}
	EndGlobalSection
	GlobalSection(SubversionScc) = preSolution
		Svn-Managed = True
		Manager = AnkhSVN2019 - Subversion Support for Visual Studio
	EndGlobalSection
EndGlobal
