
Microsoft Visual Studio Solution File, Format Version 12.00
# Visual Studio Version 17
VisualStudioVersion = 17.2.32630.192
MinimumVisualStudioVersion = 10.0.40219.1
Project("{FAE04EC0-301F-11D3-BF4B-00C04F79EFBC}") = "PointyPixelPenetration", "PointyPixelPenetration\PointyPixelPenetration.csproj", "{A124B2D1-2FC4-494B-B766-9CCC0918EA65}"
EndProject
Global
	GlobalSection(SolutionConfigurationPlatforms) = preSolution
		Debug|Any CPU = Debug|Any CPU
		Release|Any CPU = Release|Any CPU
	EndGlobalSection
	GlobalSection(ProjectConfigurationPlatforms) = postSolution
		{A124B2D1-2FC4-494B-B766-9CCC0918EA65}.Debug|Any CPU.ActiveCfg = Debug|Any CPU
		{A124B2D1-2FC4-494B-B766-9CCC0918EA65}.Debug|Any CPU.Build.0 = Debug|Any CPU
		{A124B2D1-2FC4-494B-B766-9CCC0918EA65}.Release|Any CPU.ActiveCfg = Release|Any CPU
		{A124B2D1-2FC4-494B-B766-9CCC0918EA65}.Release|Any CPU.Build.0 = Release|Any CPU
	EndGlobalSection
	GlobalSection(SolutionProperties) = preSolution
		HideSolutionNode = FALSE
	EndGlobalSection
	GlobalSection(ExtensibilityGlobals) = postSolution
		SolutionGuid = {89BC5DB3-8E68-4971-8755-698E28AE4AFF}
	EndGlobalSection
EndGlobal
