
Microsoft Visual Studio Solution File, Format Version 12.00
# Visual Studio Version 16
VisualStudioVersion = 16.0.31702.278
MinimumVisualStudioVersion = 10.0.40219.1
Project("{FAE04EC0-301F-11D3-BF4B-00C04F79EFBC}") = "ICA16", "ICA16\ICA16.csproj", "{F8E0C2D3-9B05-498B-9442-4C28DEB7329A}"
EndProject
Global
	GlobalSection(SolutionConfigurationPlatforms) = preSolution
		Debug|Any CPU = Debug|Any CPU
		Release|Any CPU = Release|Any CPU
	EndGlobalSection
	GlobalSection(ProjectConfigurationPlatforms) = postSolution
		{F8E0C2D3-9B05-498B-9442-4C28DEB7329A}.Debug|Any CPU.ActiveCfg = Debug|Any CPU
		{F8E0C2D3-9B05-498B-9442-4C28DEB7329A}.Debug|Any CPU.Build.0 = Debug|Any CPU
		{F8E0C2D3-9B05-498B-9442-4C28DEB7329A}.Release|Any CPU.ActiveCfg = Release|Any CPU
		{F8E0C2D3-9B05-498B-9442-4C28DEB7329A}.Release|Any CPU.Build.0 = Release|Any CPU
	EndGlobalSection
	GlobalSection(SolutionProperties) = preSolution
		HideSolutionNode = FALSE
	EndGlobalSection
	GlobalSection(ExtensibilityGlobals) = postSolution
		SolutionGuid = {D8D4B240-BB54-4ED5-B98D-4DCC23B2B01E}
	EndGlobalSection
	GlobalSection(SubversionScc) = preSolution
		Svn-Managed = True
		Manager = AnkhSVN2019 - Subversion Support for Visual Studio
	EndGlobalSection
EndGlobal
