
Microsoft Visual Studio Solution File, Format Version 12.00
# Visual Studio Version 17
VisualStudioVersion = 17.4.33110.190
MinimumVisualStudioVersion = 10.0.40219.1
Project("{FAE04EC0-301F-11D3-BF4B-00C04F79EFBC}") = "nandish-LAB01", "nandish-LAB01\nandish-LAB01.csproj", "{74214B39-6DEC-46FD-9F1C-AA696BEB435B}"
EndProject
Global
	GlobalSection(SolutionConfigurationPlatforms) = preSolution
		Debug|Any CPU = Debug|Any CPU
		Release|Any CPU = Release|Any CPU
	EndGlobalSection
	GlobalSection(ProjectConfigurationPlatforms) = postSolution
		{74214B39-6DEC-46FD-9F1C-AA696BEB435B}.Debug|Any CPU.ActiveCfg = Debug|Any CPU
		{74214B39-6DEC-46FD-9F1C-AA696BEB435B}.Debug|Any CPU.Build.0 = Debug|Any CPU
		{74214B39-6DEC-46FD-9F1C-AA696BEB435B}.Release|Any CPU.ActiveCfg = Release|Any CPU
		{74214B39-6DEC-46FD-9F1C-AA696BEB435B}.Release|Any CPU.Build.0 = Release|Any CPU
	EndGlobalSection
	GlobalSection(SolutionProperties) = preSolution
		HideSolutionNode = FALSE
	EndGlobalSection
	GlobalSection(ExtensibilityGlobals) = postSolution
		SolutionGuid = {C2104B02-80AB-4DB2-BDC3-A684EE4B30F0}
	EndGlobalSection
EndGlobal
