
Microsoft Visual Studio Solution File, Format Version 12.00
# Visual Studio Version 16
VisualStudioVersion = 16.0.31702.278
MinimumVisualStudioVersion = 10.0.40219.1
Project("{FAE04EC0-301F-11D3-BF4B-00C04F79EFBC}") = "ICA03", "ICA03\ICA03.csproj", "{F36122BB-28A3-42F2-A7F6-9EA85677AEE5}"
EndProject
Global
	GlobalSection(SolutionConfigurationPlatforms) = preSolution
		Debug|Any CPU = Debug|Any CPU
		Release|Any CPU = Release|Any CPU
	EndGlobalSection
	GlobalSection(ProjectConfigurationPlatforms) = postSolution
		{F36122BB-28A3-42F2-A7F6-9EA85677AEE5}.Debug|Any CPU.ActiveCfg = Debug|Any CPU
		{F36122BB-28A3-42F2-A7F6-9EA85677AEE5}.Debug|Any CPU.Build.0 = Debug|Any CPU
		{F36122BB-28A3-42F2-A7F6-9EA85677AEE5}.Release|Any CPU.ActiveCfg = Release|Any CPU
		{F36122BB-28A3-42F2-A7F6-9EA85677AEE5}.Release|Any CPU.Build.0 = Release|Any CPU
	EndGlobalSection
	GlobalSection(SolutionProperties) = preSolution
		HideSolutionNode = FALSE
	EndGlobalSection
	GlobalSection(ExtensibilityGlobals) = postSolution
		SolutionGuid = {D8421DC8-65C3-4BB3-A97F-27E6E5B92921}
	EndGlobalSection
EndGlobal
