
Microsoft Visual Studio Solution File, Format Version 12.00
# Visual Studio Version 16
VisualStudioVersion = 16.0.31702.278
MinimumVisualStudioVersion = 10.0.40219.1
Project("{FAE04EC0-301F-11D3-BF4B-00C04F79EFBC}") = "Exam 1 Q2", "Exam 1 Q2\Exam 1 Q2.csproj", "{D73767AB-C718-49DB-98DF-63CB4C8D9BA6}"
EndProject
Global
	GlobalSection(SolutionConfigurationPlatforms) = preSolution
		Debug|Any CPU = Debug|Any CPU
		Release|Any CPU = Release|Any CPU
	EndGlobalSection
	GlobalSection(ProjectConfigurationPlatforms) = postSolution
		{D73767AB-C718-49DB-98DF-63CB4C8D9BA6}.Debug|Any CPU.ActiveCfg = Debug|Any CPU
		{D73767AB-C718-49DB-98DF-63CB4C8D9BA6}.Debug|Any CPU.Build.0 = Debug|Any CPU
		{D73767AB-C718-49DB-98DF-63CB4C8D9BA6}.Release|Any CPU.ActiveCfg = Release|Any CPU
		{D73767AB-C718-49DB-98DF-63CB4C8D9BA6}.Release|Any CPU.Build.0 = Release|Any CPU
	EndGlobalSection
	GlobalSection(SolutionProperties) = preSolution
		HideSolutionNode = FALSE
	EndGlobalSection
	GlobalSection(ExtensibilityGlobals) = postSolution
		SolutionGuid = {1DD9F41C-4FC6-4DFC-97EE-77071832C8E2}
	EndGlobalSection
	GlobalSection(SubversionScc) = preSolution
		Svn-Managed = True
		Manager = AnkhSVN2019 - Subversion Support for Visual Studio
	EndGlobalSection
EndGlobal
