
Microsoft Visual Studio Solution File, Format Version 12.00
# Visual Studio Version 17
VisualStudioVersion = 17.2.32630.192
MinimumVisualStudioVersion = 10.0.40219.1
Project("{FAE04EC0-301F-11D3-BF4B-00C04F79EFBC}") = "nandish-ReviewLab", "nandish-ReviewLab\nandish-ReviewLab.csproj", "{D7A95D52-F59D-4C03-AA8A-CF53B07726BB}"
EndProject
Global
	GlobalSection(SolutionConfigurationPlatforms) = preSolution
		Debug|Any CPU = Debug|Any CPU
		Release|Any CPU = Release|Any CPU
	EndGlobalSection
	GlobalSection(ProjectConfigurationPlatforms) = postSolution
		{D7A95D52-F59D-4C03-AA8A-CF53B07726BB}.Debug|Any CPU.ActiveCfg = Debug|Any CPU
		{D7A95D52-F59D-4C03-AA8A-CF53B07726BB}.Debug|Any CPU.Build.0 = Debug|Any CPU
		{D7A95D52-F59D-4C03-AA8A-CF53B07726BB}.Release|Any CPU.ActiveCfg = Release|Any CPU
		{D7A95D52-F59D-4C03-AA8A-CF53B07726BB}.Release|Any CPU.Build.0 = Release|Any CPU
	EndGlobalSection
	GlobalSection(SolutionProperties) = preSolution
		HideSolutionNode = FALSE
	EndGlobalSection
	GlobalSection(ExtensibilityGlobals) = postSolution
		SolutionGuid = {6E9AD7D4-94E7-4B0A-8ED9-4CF850643F54}
	EndGlobalSection
EndGlobal
