
Microsoft Visual Studio Solution File, Format Version 12.00
# Visual Studio Version 17
VisualStudioVersion = 17.2.32630.192
MinimumVisualStudioVersion = 10.0.40219.1
Project("{FAE04EC0-301F-11D3-BF4B-00C04F79EFBC}") = "nandish_ica02", "nandish_ica02\nandish_ica02.csproj", "{89F44349-6592-4F36-A51B-B0EE68EC6CF2}"
EndProject
Global
	GlobalSection(SolutionConfigurationPlatforms) = preSolution
		Debug|Any CPU = Debug|Any CPU
		Release|Any CPU = Release|Any CPU
	EndGlobalSection
	GlobalSection(ProjectConfigurationPlatforms) = postSolution
		{89F44349-6592-4F36-A51B-B0EE68EC6CF2}.Debug|Any CPU.ActiveCfg = Debug|Any CPU
		{89F44349-6592-4F36-A51B-B0EE68EC6CF2}.Debug|Any CPU.Build.0 = Debug|Any CPU
		{89F44349-6592-4F36-A51B-B0EE68EC6CF2}.Release|Any CPU.ActiveCfg = Release|Any CPU
		{89F44349-6592-4F36-A51B-B0EE68EC6CF2}.Release|Any CPU.Build.0 = Release|Any CPU
	EndGlobalSection
	GlobalSection(SolutionProperties) = preSolution
		HideSolutionNode = FALSE
	EndGlobalSection
	GlobalSection(ExtensibilityGlobals) = postSolution
		SolutionGuid = {C7209D2D-036D-466C-ACEB-0632225F5FE0}
	EndGlobalSection
EndGlobal
