
Microsoft Visual Studio Solution File, Format Version 12.00
# Visual Studio Version 17
VisualStudioVersion = 17.2.32630.192
MinimumVisualStudioVersion = 10.0.40219.1
Project("{FAE04EC0-301F-11D3-BF4B-00C04F79EFBC}") = "nandish_ICA12", "nandish_ICA12\nandish_ICA12.csproj", "{9CF86495-596D-43B4-8796-800E95C8CFEC}"
EndProject
Global
	GlobalSection(SolutionConfigurationPlatforms) = preSolution
		Debug|Any CPU = Debug|Any CPU
		Release|Any CPU = Release|Any CPU
	EndGlobalSection
	GlobalSection(ProjectConfigurationPlatforms) = postSolution
		{9CF86495-596D-43B4-8796-800E95C8CFEC}.Debug|Any CPU.ActiveCfg = Debug|Any CPU
		{9CF86495-596D-43B4-8796-800E95C8CFEC}.Debug|Any CPU.Build.0 = Debug|Any CPU
		{9CF86495-596D-43B4-8796-800E95C8CFEC}.Release|Any CPU.ActiveCfg = Release|Any CPU
		{9CF86495-596D-43B4-8796-800E95C8CFEC}.Release|Any CPU.Build.0 = Release|Any CPU
	EndGlobalSection
	GlobalSection(SolutionProperties) = preSolution
		HideSolutionNode = FALSE
	EndGlobalSection
	GlobalSection(ExtensibilityGlobals) = postSolution
		SolutionGuid = {52E8B850-1E68-474D-ADEC-091CEFD20D25}
	EndGlobalSection
EndGlobal
