
Microsoft Visual Studio Solution File, Format Version 12.00
# Visual Studio Version 16
VisualStudioVersion = 16.0.31702.278
MinimumVisualStudioVersion = 10.0.40219.1
Project("{FAE04EC0-301F-11D3-BF4B-00C04F79EFBC}") = "ICA07", "ICA07\ICA07.csproj", "{4E5F6864-1AAB-4B3D-A894-7FD98694D91D}"
EndProject
Global
	GlobalSection(SolutionConfigurationPlatforms) = preSolution
		Debug|Any CPU = Debug|Any CPU
		Release|Any CPU = Release|Any CPU
	EndGlobalSection
	GlobalSection(ProjectConfigurationPlatforms) = postSolution
		{4E5F6864-1AAB-4B3D-A894-7FD98694D91D}.Debug|Any CPU.ActiveCfg = Debug|Any CPU
		{4E5F6864-1AAB-4B3D-A894-7FD98694D91D}.Debug|Any CPU.Build.0 = Debug|Any CPU
		{4E5F6864-1AAB-4B3D-A894-7FD98694D91D}.Release|Any CPU.ActiveCfg = Release|Any CPU
		{4E5F6864-1AAB-4B3D-A894-7FD98694D91D}.Release|Any CPU.Build.0 = Release|Any CPU
	EndGlobalSection
	GlobalSection(SolutionProperties) = preSolution
		HideSolutionNode = FALSE
	EndGlobalSection
	GlobalSection(ExtensibilityGlobals) = postSolution
		SolutionGuid = {21538DDF-F8BE-4ECC-95AF-1159A0F2A917}
	EndGlobalSection
	GlobalSection(SubversionScc) = preSolution
		Svn-Managed = True
		Manager = AnkhSVN2019 - Subversion Support for Visual Studio
	EndGlobalSection
EndGlobal
